{"SurveyEntry":{"SurveyID":"SV_d5BdNo1oul4zdv7","SurveyName":"Dual process charity - blindness","SurveyDescription":"Robin Project, Part 2 - Copy","SurveyOwnerID":"UR_74yxjqQHyqyEkWF","SurveyBrandID":"harvard","DivisionID":"DV_0uG93Am70qIFb00","SurveyLanguage":"EN","SurveyActiveResponseSet":"RS_dmrHfKWlZiTibGd","SurveyStatus":"Inactive","SurveyStartDate":"0000-00-00 00:00:00","SurveyExpirationDate":"0000-00-00 00:00:00","SurveyCreationDate":"2019-04-30 08:26:04","CreatorID":"UR_74yxjqQHyqyEkWF","LastModified":"2019-05-01 21:52:30","LastAccessed":"0000-00-00 00:00:00","LastActivated":"0000-00-00 00:00:00","Deleted":null},"SurveyElements":[{"SurveyID":"SV_d5BdNo1oul4zdv7","Element":"BL","PrimaryAttribute":"Survey Blocks","SecondaryAttribute":null,"TertiaryAttribute":null,"Payload":{"BL_b9DnqR5GlyryNIp":{"Type":"Trash","Description":"Trash \/ Unused Questions","ID":"BL_b9DnqR5GlyryNIp","BlockElements":[{"Type":"Question","QuestionID":"QID1331"},{"Type":"Question","QuestionID":"QID1322"},{"Type":"Question","QuestionID":"QID1313"},{"Type":"Question","QuestionID":"QID1314"},{"Type":"Question","QuestionID":"QID1315"},{"Type":"Question","QuestionID":"QID1316"},{"Type":"Question","QuestionID":"QID1317"},{"Type":"Question","QuestionID":"QID1297"},{"Type":"Question","QuestionID":"QID1292"},{"Type":"Question","QuestionID":"QID1293"},{"Type":"Question","QuestionID":"QID1294"},{"Type":"Question","QuestionID":"QID1295"},{"Type":"Question","QuestionID":"QID1324"},{"Type":"Question","QuestionID":"QID1325"},{"Type":"Question","QuestionID":"QID1326"},{"Type":"Question","QuestionID":"QID1327"},{"Type":"Question","QuestionID":"QID1328"},{"Type":"Question","QuestionID":"QID1330"},{"Type":"Question","QuestionID":"QID1329"}],"Options":{"BlockLocking":"false","RandomizeQuestions":"false","BlockVisibility":"Expanded"}},"23":{"Type":"Standard","SubType":"","Description":"Debriefing","ID":"BL_4O3xZa12tGE4uXj","BlockElements":[{"Type":"Question","QuestionID":"QID211"}],"Options":{"BlockLocking":"false","RandomizeQuestions":"false","BlockVisibility":"Collapsed"}},"68":{"Type":"Standard","SubType":"","Description":"Attention checks etc","ID":"BL_6xjglNfZpSLZxNb","BlockElements":[{"Type":"Question","QuestionID":"QID933"},{"Type":"Question","QuestionID":"QID1194"},{"Type":"Question","QuestionID":"QID1323"}],"Options":{"BlockLocking":"false","RandomizeQuestions":"false","BlockVisibility":"Collapsed"}},"98":{"Type":"Standard","SubType":"","Description":"Donations effectiveness","ID":"BL_0liuSU5ofMk2fmB","BlockElements":[{"Type":"Question","QuestionID":"QID1274"},{"Type":"Question","QuestionID":"QID1275"}],"Options":{"BlockLocking":"false","RandomizeQuestions":"false","BlockVisibility":"Collapsed"}},"101":{"Type":"Standard","SubType":"","Description":"Image","ID":"BL_cwGnPhBBmk8BAGh","BlockElements":[{"Type":"Question","QuestionID":"QID1296"}],"Options":{"BlockLocking":false,"RandomizeQuestions":"false","BlockVisibility":"Collapsed"}},"103":{"Type":"Standard","SubType":"","Description":"Control","ID":"BL_9FX1Ac40E8p5kJD","BlockElements":[{"Type":"Question","QuestionID":"QID1312"}],"Options":{"BlockLocking":false,"RandomizeQuestions":"false","BlockVisibility":"Collapsed"}},"104":{"Type":"Standard","SubType":"","Description":"Donations no effectiveness info","ID":"BL_8xdlWwWqkGaZlsN","BlockElements":[{"Type":"Question","QuestionID":"QID1320"},{"Type":"Question","QuestionID":"QID1321"}],"Options":{"BlockLocking":false,"RandomizeQuestions":"false","BlockVisibility":"Collapsed"}},"108":{"Type":"Standard","SubType":"","Description":"Donations with separate choice for charity & amount","ID":"BL_9RfCMqEg9HSvo0t","BlockElements":[{"Type":"Question","QuestionID":"QID1332"},{"Type":"Question","QuestionID":"QID1334"},{"Type":"Question","QuestionID":"QID1333"}],"Options":{"BlockLocking":false,"RandomizeQuestions":"false","BlockVisibility":"Collapsed"}},"109":{"Type":"Standard","SubType":"","Description":"images 2 children","ID":"BL_1GO9eDCL2TtTyJv","BlockElements":[{"Type":"Question","QuestionID":"QID1335"}],"Options":{"BlockLocking":false,"RandomizeQuestions":"false","BlockVisibility":"Expanded"}}}},{"SurveyID":"SV_d5BdNo1oul4zdv7","Element":"BR","PrimaryAttribute":"FL_5","SecondaryAttribute":null,"TertiaryAttribute":null,"Payload":{"FL_17":0,"FL_14":0,"FL_15":0,"FL_13":0,"FL_11":0,"FL_23":0,"FL_24":0,"FL_22":0}},{"SurveyID":"SV_d5BdNo1oul4zdv7","Element":"BR","PrimaryAttribute":"FL_44","SecondaryAttribute":null,"TertiaryAttribute":null,"Payload":{"FL_45":0,"FL_43":0}},{"SurveyID":"SV_d5BdNo1oul4zdv7","Element":"FL","PrimaryAttribute":"Survey Flow","SecondaryAttribute":null,"TertiaryAttribute":null,"Payload":{"Type":"Root","FlowID":"FL_1","Flow":[{"Type":"WebService","FlowID":"FL_2","URL":"http:\/\/reporting.qualtrics.com\/projects\/randomNumGen.php","Method":"GET","RequestParams":[{"key":"min","value":"100000"},{"key":"max","value":"999999"}],"EditBodyParams":[],"Body":[],"ContentType":"application\/x-www-form-urlencoded","Headers":[],"ResponseMap":[{"key":"random","value":"random"}],"FireAndForget":false,"SchemaVersion":0,"StringifyValues":false},{"Type":"BlockRandomizer","FlowID":"FL_3","SubSet":1,"EvenPresentation":true,"Flow":[{"Type":"Standard","ID":"BL_cwGnPhBBmk8BAGh","FlowID":"FL_12"},{"Type":"Standard","ID":"BL_9FX1Ac40E8p5kJD","FlowID":"FL_13"}]},{"Type":"Standard","ID":"BL_0liuSU5ofMk2fmB","FlowID":"FL_4"},{"Type":"Standard","ID":"BL_8xdlWwWqkGaZlsN","FlowID":"FL_5"},{"Type":"Standard","ID":"BL_6xjglNfZpSLZxNb","FlowID":"FL_6"},{"Type":"Standard","ID":"BL_4O3xZa12tGE4uXj","FlowID":"FL_7"},{"Type":"Standard","ID":"BL_9RfCMqEg9HSvo0t","FlowID":"FL_11"},{"Type":"Standard","ID":"BL_1GO9eDCL2TtTyJv","FlowID":"FL_14"}],"Properties":{"Count":14,"RemovedFieldsets":[]}}},{"SurveyID":"SV_d5BdNo1oul4zdv7","Element":"SO","PrimaryAttribute":"Survey Options","SecondaryAttribute":null,"TertiaryAttribute":null,"Payload":{"BackButton":"false","SaveAndContinue":"false","SurveyProtection":"PublicSurvey","BallotBoxStuffingPrevention":"true","OneCompletePerIP":"false","SurveyExpiration":null,"SurveyTermination":"DisplayMessage","Header":"","Footer":"","ProgressBarDisplay":"None","PartialData":"+4 hour","ValidationMessage":null,"PreviousButton":"  <<  ","NextButton":"  >>  ","SkinLibrary":"harvard","SkinType":"MQ","Skin":"harvard20","NewScoring":1,"EOSMessage":"MS_0MpcT4OvrKNqGkR","ShowExportTags":"false","CollectGeoLocation":"false","SurveyTitle":"Survey | Qualtrics Survey Software","SurveyMetaDescription":"Survey Software, Enterprise Survey software for enterprise feedback management and CRM solutions. Enables high-quality data collection, panel management and results analysis. Perfect for market research or CRM solution (Customer Relationship Management) integration. Free trial and consultation.","PasswordProtection":"No","AnonymizeResponse":"No","Password":"mturk","RefererCheck":"No","NoIndex":"Yes","RefererURL":"http:\/\/","EOSMessageLibrary":"UR_74yxjqQHyqyEkWF","EOSRedirectURL":"https:\/\/","EmailThankYou":"false","ThankYouEmailMessageLibrary":null,"ThankYouEmailMessage":null,"ValidateMessage":"false","ValidationMessageLibrary":null,"InactiveSurvey":"DefaultMessage","InactiveMessageLibrary":"","InactiveMessage":"","AvailableLanguages":{"EN":[]},"ProtectSelectionIds":true,"SpellChecked":0,"SecureResponseFiles":"false","ActiveResponseSet":null,"PartialDataCloseAfter":"SurveyStart","ResponseSummary":"No","SurveyName":"Dual process charity - effective intervention 4 - 3c blindness"}},{"SurveyID":"SV_d5BdNo1oul4zdv7","Element":"SCO","PrimaryAttribute":"Scoring","SecondaryAttribute":null,"TertiaryAttribute":null,"Payload":{"ScoringCategories":[],"ScoringCategoryGroups":[],"ScoringSummaryCategory":null,"ScoringSummaryAfterQuestions":0,"ScoringSummaryAfterSurvey":0,"DefaultScoringCategory":null,"AutoScoringCategory":null}},{"SurveyID":"SV_d5BdNo1oul4zdv7","Element":"PROJ","PrimaryAttribute":"CORE","SecondaryAttribute":null,"TertiaryAttribute":"1.1.0","Payload":{"ProjectCategory":"CORE","SchemaVersion":"1.1.0"}},{"SurveyID":"SV_d5BdNo1oul4zdv7","Element":"STAT","PrimaryAttribute":"Survey Statistics","SecondaryAttribute":null,"TertiaryAttribute":null,"Payload":{"MobileCompatible":false,"ID":"Survey Statistics"}},{"SurveyID":"SV_d5BdNo1oul4zdv7","Element":"QC","PrimaryAttribute":"Survey Question Count","SecondaryAttribute":"1335","TertiaryAttribute":null,"Payload":null},{"SurveyID":"SV_d5BdNo1oul4zdv7","Element":"SQ","PrimaryAttribute":"QID1295","SecondaryAttribute":"Before we presented the information about the different costs for training guide dogs and treatin...","TertiaryAttribute":null,"Payload":{"QuestionText":"<p><span style=\"mso-no-proof:yes\">Before we presented the information about the different costs for training guide dogs and treating <\/span>trachoma or <span style=\"mso-no-proof:yes\">river blindness, you indicated a willingness to donate <\/span><span style=\"mso-no-proof:yes\">to <\/span><span style=\"mso-no-proof:yes\"><span style=\"mso-no-proof:yes\">guide dogs<\/span>. <\/span><\/p>\n\n<p>&nbsp;<\/p>\n\n<p><span style=\"mso-no-proof:yes\">You were willing to give: <\/span><\/p>\n\n<p>&nbsp;<\/p>\n\n<p><strong><span style=\"font-size:26px;\">${q:\/\/QID1297\/ChoiceGroup\/SelectedChoices}<\/span><\/strong><\/p>\n\n<p>&nbsp;<\/p>\n<span style=\"mso-no-proof:yes\">Now consider how you would want to<\/span><span style=\"mso-no-proof:yes\"><span style=\"mso-no-proof:yes\"> help <\/span><\/span><span style=\"mso-no-proof:yes\"><span style=\"mso-no-proof:yes\"><span style=\"mso-no-proof:yes\">people who are blind,<\/span> <\/span><\/span><span style=\"mso-no-proof:yes\"><span style=\"mso-no-proof:yes\"><span style=\"mso-no-proof:yes\"><span style=\"mso-no-proof:yes\"><span style=\"mso-no-proof:yes\"><span style=\"mso-no-proof:yes\">if you had $50.<\/span><\/span><\/span><\/span><\/span><\/span>","DefaultChoices":false,"QuestionType":"DB","Selector":"TB","Configuration":{"QuestionDescriptionOption":"UseText"},"QuestionDescription":"Before we presented the information about the different costs for training guide dogs and treatin...","ChoiceOrder":[],"Validation":{"Settings":{"Type":"None"}},"GradingData":[],"Language":[],"QuestionText_Unsafe":"<p><span style=\"mso-no-proof:yes\">Before we presented the information about the different costs for training guide dogs and treating <\/span>trachoma or <span style=\"mso-no-proof:yes\">river blindness, you indicated a willingness to donate <\/span><span style=\"mso-no-proof:yes\">to <\/span><span style=\"mso-no-proof:yes\"><span style=\"mso-no-proof:yes\">guide dogs<\/span>. <\/span><span style=\"mso-no-proof:yes\"><\/span><\/p><p><span style=\"mso-no-proof:yes\"><br><\/span><\/p><p><span style=\"mso-no-proof:yes\">You were willing to give: <\/span><\/p><p><span style=\"mso-no-proof:yes\"><\/span><\/p>\n\n<p><br><\/p>\n\n<p><span style=\"font-size:26px;\">${q:\/\/QID1291\/ChoiceGroup\/SelectedChoices}<\/span><\/p>\n\n<p>&nbsp;<\/p>\n<span style=\"mso-no-proof:yes\">Now consider how you would want to<\/span><span style=\"mso-no-proof:yes\"><span style=\"mso-no-proof:yes\"> help <\/span><\/span><span style=\"mso-no-proof:yes\"><span style=\"mso-no-proof:yes\"><span style=\"mso-no-proof:yes\">people who are blind,<\/span> <\/span><\/span><span style=\"mso-no-proof:yes\"><span style=\"mso-no-proof:yes\"><span style=\"mso-no-proof:yes\"><span style=\"mso-no-proof:yes\"><span style=\"mso-no-proof:yes\"><span style=\"mso-no-proof:yes\">if you had $50.<\/span><\/span><\/span><\/span><\/span><\/span>","DataVisibility":{"Private":false,"Hidden":false},"DataExportTag":"Q3.6","QuestionID":"QID1295"}},{"SurveyID":"SV_d5BdNo1oul4zdv7","Element":"SQ","PrimaryAttribute":"QID1317","SecondaryAttribute":"Before we presented the information about the different costs for training guide dogs and treatin...","TertiaryAttribute":null,"Payload":{"QuestionText":"<p><span style=\"mso-no-proof:yes\">Before we presented the information about the different costs for training guide dogs and treating <\/span>trachoma or <span style=\"mso-no-proof:yes\">river blindness, you indicated a willingness to donate <\/span><span style=\"mso-no-proof:yes\">to <\/span><span style=\"mso-no-proof:yes\"><span style=\"mso-no-proof:yes\">guide dogs<\/span>. <\/span><\/p>\n\n<p>&nbsp;<\/p>\n\n<p><span style=\"mso-no-proof:yes\">You were willing to give: <\/span><\/p>\n\n<p>&nbsp;<\/p>\n\n<p><strong><span style=\"font-size:26px;\">${q:\/\/QID1313\/ChoiceGroup\/SelectedChoices}<\/span><\/strong><\/p>\n\n<p>&nbsp;<\/p>\n<span style=\"mso-no-proof:yes\">Now consider how you would want to<\/span><span style=\"mso-no-proof:yes\"><span style=\"mso-no-proof:yes\"> help <\/span><\/span><span style=\"mso-no-proof:yes\"><span style=\"mso-no-proof:yes\"><span style=\"mso-no-proof:yes\">people who are blind,<\/span> <\/span><\/span><span style=\"mso-no-proof:yes\"><span style=\"mso-no-proof:yes\"><span style=\"mso-no-proof:yes\"><span style=\"mso-no-proof:yes\"><span style=\"mso-no-proof:yes\"><span style=\"mso-no-proof:yes\">if you had $50.<\/span><\/span><\/span><\/span><\/span><\/span>","DefaultChoices":false,"QuestionType":"DB","Selector":"TB","Configuration":{"QuestionDescriptionOption":"UseText"},"QuestionDescription":"Before we presented the information about the different costs for training guide dogs and treatin...","ChoiceOrder":[],"Validation":{"Settings":{"Type":"None"}},"GradingData":[],"Language":[],"QuestionText_Unsafe":"<p><span style=\"mso-no-proof:yes\">Before we presented the information about the different costs for training guide dogs and treating <\/span>trachoma or <span style=\"mso-no-proof:yes\">river blindness, you indicated a willingness to donate <\/span><span style=\"mso-no-proof:yes\">to <\/span><span style=\"mso-no-proof:yes\"><span style=\"mso-no-proof:yes\">guide dogs<\/span>. <\/span><\/p>\n\n<p>&nbsp;<\/p>\n\n<p><span style=\"mso-no-proof:yes\">You were willing to give: <\/span><\/p>\n\n<p>&nbsp;<\/p>\n\n<p><strong><span style=\"font-size:26px;\">${q:\/\/QID1313\/ChoiceGroup\/SelectedChoices}<\/span><\/strong><\/p>\n\n<p>&nbsp;<\/p>\n<span style=\"mso-no-proof:yes\">Now consider how you would want to<\/span><span style=\"mso-no-proof:yes\"><span style=\"mso-no-proof:yes\"> help <\/span><\/span><span style=\"mso-no-proof:yes\"><span style=\"mso-no-proof:yes\"><span style=\"mso-no-proof:yes\">people who are blind,<\/span> <\/span><\/span><span style=\"mso-no-proof:yes\"><span style=\"mso-no-proof:yes\"><span style=\"mso-no-proof:yes\"><span style=\"mso-no-proof:yes\"><span style=\"mso-no-proof:yes\"><span style=\"mso-no-proof:yes\">if you had $50.<\/span><\/span><\/span><\/span><\/span><\/span>","DataVisibility":{"Private":false,"Hidden":false},"DataExportTag":"Q1317","QuestionID":"QID1317"}},{"SurveyID":"SV_d5BdNo1oul4zdv7","Element":"SQ","PrimaryAttribute":"QID1293","SecondaryAttribute":"Before you proceed to the next questions, please consider the following information. \u00a0 To make pe..","TertiaryAttribute":null,"Payload":{"QuestionText":"<p>Before you proceed to the next questions, please consider the following information.<\/p>\n\n<p>&nbsp;<\/p>\n\n<p>To make people reflect more on their donation behaviors, instead of just\nfollowing a gut feeling, some scholars have made arguments like this:<br>\n<br>\n\"It costs about $40,000 to supply one person in the United States with a\nguide dog; most of the expense is incurred in training the dog and the\nrecipient. But the cost of preventing someone from going blind because of\ntrachoma or onchocerciasis (river blindness), the leading infectious causes of\nblindness worldwide, is in the range of $20\u2013$100. If you do the math, you will\nsee the choice we face is to provide one person with a guide dog or prevent\nanywhere between four hundred and two thousand cases of blindness in developing\ncountries.\"<br>\n<br>\nFollowing this perspective, some argue that donors need to confront the hard choice\nof whom to spend their money on. From another perspective, however, a person\ncould both support causes that just feels right and ones that makes the most\nmathematical sense, by giving more overall. <\/p>","DefaultChoices":false,"QuestionType":"DB","Selector":"TB","Configuration":{"QuestionDescriptionOption":"UseText"},"QuestionDescription":"Before you proceed to the next questions, please consider the following information. \u00a0 To make pe...","ChoiceOrder":[],"Validation":{"Settings":{"Type":"None"}},"GradingData":[],"Language":[],"PrivateData":false,"QuestionText_Unsafe":"<p>Before you proceed to the next questions, please consider the following information.<\/p>\n\n<p>&nbsp;<\/p>\n\n<p>To make people reflect more on their donation behaviors, instead of just\nfollowing a gut feeling, some scholars have made arguments like this:<br>\n<br>\n\"It costs about $ 40,000 to supply one person in the United States with a\nguide dog; most of the expense is incurred in training the dog and the\nrecipient. But the cost of preventing someone from going blind because of\ntrachoma or onchocerciasis (river blindness), the leading infectious causes of\nblindness worldwide, is in the range of $20\u2013$100. If you do the math, you will\nsee the choice we face is to provide one person with a guide dog or prevent\nanywhere between four hundred and two thousand cases of blindness in developing\ncountries.\"<br>\n<br>\nFollowing this perspective, some argue that donors need to confront the hard choice\nof whom to spend their money on. From another perspective, however, a person\ncould both support causes that just feels right and ones that makes the most\nmathematical sense, by giving more overall. <\/p>","DataVisibility":{"Private":false,"Hidden":false},"DataExportTag":"Q3.4","QuestionID":"QID1293"}},{"SurveyID":"SV_d5BdNo1oul4zdv7","Element":"SQ","PrimaryAttribute":"QID1315","SecondaryAttribute":"Before you proceed to the next questions, please consider the following information. \u00a0 To make pe..","TertiaryAttribute":null,"Payload":{"QuestionText":"<p>Before you proceed to the next questions, please consider the following information.<\/p>\n\n<p>&nbsp;<\/p>\n\n<p>To make people reflect more on their donation behaviors, instead of just\nfollowing a gut feeling, some scholars have made arguments like this:<br>\n<br>\n\"It costs about $40,000 to supply one person in the United States with a\nguide dog; most of the expense is incurred in training the dog and the\nrecipient. But the cost of preventing someone from going blind because of\ntrachoma or onchocerciasis (river blindness), the leading infectious causes of\nblindness worldwide, is in the range of $20\u2013$100. If you do the math, you will\nsee the choice we face is to provide one person with a guide dog or prevent\nanywhere between four hundred and two thousand cases of blindness in developing\ncountries.\"<br>\n<br>\nFollowing this perspective, some argue that donors need to confront the hard choice\nof whom to spend their money on. From another perspective, however, a person\ncould both support causes that just feels right and ones that makes the most\nmathematical sense, by giving more overall. <\/p>","DefaultChoices":false,"QuestionType":"DB","Selector":"TB","Configuration":{"QuestionDescriptionOption":"UseText"},"QuestionDescription":"Before you proceed to the next questions, please consider the following information. \u00a0 To make pe...","ChoiceOrder":[],"Validation":{"Settings":{"Type":"None"}},"GradingData":[],"Language":[],"PrivateData":false,"QuestionText_Unsafe":"<p>Before you proceed to the next questions, please consider the following information.<\/p>\n\n<p>&nbsp;<\/p>\n\n<p>To make people reflect more on their donation behaviors, instead of just\nfollowing a gut feeling, some scholars have made arguments like this:<br>\n<br>\n\"It costs about $40,000 to supply one person in the United States with a\nguide dog; most of the expense is incurred in training the dog and the\nrecipient. But the cost of preventing someone from going blind because of\ntrachoma or onchocerciasis (river blindness), the leading infectious causes of\nblindness worldwide, is in the range of $20\u2013$100. If you do the math, you will\nsee the choice we face is to provide one person with a guide dog or prevent\nanywhere between four hundred and two thousand cases of blindness in developing\ncountries.\"<br>\n<br>\nFollowing this perspective, some argue that donors need to confront the hard choice\nof whom to spend their money on. From another perspective, however, a person\ncould both support causes that just feels right and ones that makes the most\nmathematical sense, by giving more overall. <\/p>","DataVisibility":{"Private":false,"Hidden":false},"DataExportTag":"Q1315","QuestionID":"QID1315"}},{"SurveyID":"SV_d5BdNo1oul4zdv7","Element":"CJ","PrimaryAttribute":"CJ_essywlNP3QQVFDD","SecondaryAttribute":"Conjoint","TertiaryAttribute":null,"Payload":{"Type":"SelfExplicated","Description":"Conjoint","DisplayOption":"Importance","DataExportTag":"CJ5","QuestionType":"Conjoint","T_FeatureElemenation":"Is ANY FEATURE LEVEL SO UNACCEPTABLE that ALL OPTIONS CONTAINING THAT LEVEL WOULD BE REJECTED, NO MATTER HOW ATTRACTIVE THE OPTION ON ALL OTHER FEATURES? In other words, with this feature level present, the option just doesn't work for you... and would NEVER, EVER, EVER be considered. It would be better for you to go totally without this product or service than have one with this feature level.","T_MostandLeastPreferred":"Please select your most preferred and least preferred for each set shown below:","T_PreferenceMostandLeast":"Considering the concepts you've just seen, please indicate your preference for the following:","T_ImportancesConstSum":"In the previous questions, you rated the following as your most preferred. Please allocate 100 percentage points showing the relative importance of each:","T_UpgradeConstSum":"Assume you are upgrading...please allocate 100 percentage points showing the relative importance of each upgrade:","DisplayOneAtATime":false,"Features":[],"ID":"CJ_essywlNP3QQVFDD"}},{"SurveyID":"SV_d5BdNo1oul4zdv7","Element":"SQ","PrimaryAttribute":"QID1335","SecondaryAttribute":"Copyright left-side image: REUTERS\/Yannis Behrakis The boy in the picture is 5 years old and seve...","TertiaryAttribute":null,"Payload":{"QuestionText":"<p><img src=\"https:\/\/harvard.az1.qualtrics.com\/CP\/Graphic.php?IM=IM_0cgeypA6WNWUotv\" style=\"width: 500px; height: 165px;\" \/><br \/>\n<span style=\"font-size:11px;\">Copyright left-side image: REUTERS\/Yannis Behrakis<\/span><\/p>\n\n<p><br \/>\nThe boy in the picture is 5 years old and severly visually impaired. The girl is 12 and she is blind.<\/p>\n\n<p>&nbsp;<\/p>\n\n<p>There are many reasons why people become blind and many ways to help. As noted, by completing this survey, you are eligible to win a &pound;50 prize.&nbsp; In case you win, we are giving you the opportunity to commit now to donate from your prize to one of two charities focused on helping blind individuals, as described shortly.&nbsp;Furthermore, for&nbsp;every &pound;1 you donate we will add an additional 25p.<\/p>\n\n<p><em>&nbsp;<\/em><\/p>\n\n<p><br \/>\n<em><em>&nbsp;<\/em><\/em><\/p>\n\n<p><em><em>&nbsp;<\/em><\/em><\/p>\n\n<p><em><em><em>&nbsp;<\/em><\/em><\/em><\/p>\n\n<p><em><em><em>&nbsp;<\/em><\/em><\/em><\/p>","DefaultChoices":false,"QuestionType":"DB","Selector":"TB","DataVisibility":{"Private":false,"Hidden":false},"Configuration":{"QuestionDescriptionOption":"UseText"},"QuestionDescription":"Copyright left-side image: REUTERS\/Yannis Behrakis The boy in the picture is 5 years old and seve...","ChoiceOrder":[],"Validation":{"Settings":{"Type":"None"}},"GradingData":[],"Language":[],"QuestionText_Unsafe":"<p><img src=\"https:\/\/harvard.az1.qualtrics.com\/CP\/Graphic.php?IM=IM_cI6W6djLZFwxN5P\" style=\"width: 500px; height: 333px;\"><br>\n<br>\nThis girl is 12-years old and she is blind. <br><\/p><p><br><\/p><p>There are many reasons why people become blind and many ways to help. As noted, by completing this survey, you are eligible to win a \u00a350 prize.&nbsp; In case you win, we are giving you the opportunity to commit now to donate from your prize to one of two charities focused on helping blind individuals, as described shortly.&nbsp;Furthermore, for&nbsp;every \u00a31 you donate we will add an additional 25p.\n\n<\/p><p>&nbsp;<\/p>\n\n<p><br>\n<em>&nbsp;<\/em><\/p>\n\n<p><em>&nbsp;<\/em><\/p>\n\n<p><em><em>&nbsp;<\/em><\/em><\/p>\n\n<p><em><em>&nbsp;<\/em><\/em><\/p>","NextChoiceId":1,"NextAnswerId":1,"DataExportTag":"Q1335","QuestionID":"QID1335"}},{"SurveyID":"SV_d5BdNo1oul4zdv7","Element":"RS","PrimaryAttribute":"RS_dmrHfKWlZiTibGd","SecondaryAttribute":"Default Response Set","TertiaryAttribute":null,"Payload":null},{"SurveyID":"SV_d5BdNo1oul4zdv7","Element":"SQ","PrimaryAttribute":"QID1325","SecondaryAttribute":"For the next question, please have a look at the image below.","TertiaryAttribute":null,"Payload":{"QuestionText":"For the next question, please have a look at the image below.<br>\n<br>\n<img src=\"https:\/\/harvard.az1.qualtrics.com\/CP\/Graphic.php?IM=IM_br6Z5spwVILQ29L\" style=\"width: 635px; height: 423px;\">","DefaultChoices":false,"QuestionType":"DB","Selector":"TB","Configuration":{"QuestionDescriptionOption":"UseText"},"QuestionDescription":"For the next question, please have a look at the image below.","ChoiceOrder":[],"Validation":{"Settings":{"Type":"None"}},"GradingData":[],"Language":[],"QuestionText_Unsafe":"For the next question, please have a look at the image below.<br>\n<br>\n<img src=\"https:\/\/harvard.az1.qualtrics.com\/CP\/Graphic.php?IM=IM_br6Z5spwVILQ29L\" style=\"width: 635px; height: 423px;\">","DataExportTag":"Q1325","QuestionID":"QID1325"}},{"SurveyID":"SV_d5BdNo1oul4zdv7","Element":"SQ","PrimaryAttribute":"QID933","SecondaryAttribute":"Here we are interested in your recollection and reactions to the materials you just saw. Please a...","TertiaryAttribute":null,"Payload":{"QuestionText":"<span style=\"mso-ansi-language:EN-US\" lang=\"EN-US\">Here we are interested in your recollection and reactions to the materials you just saw. <\/span><span style=\"mso-ansi-language:EN-US\" lang=\"EN-US\">Please answer these as best as you can. <br><\/span>","DefaultChoices":false,"DataExportTag":"Q7.1","QuestionType":"DB","Selector":"TB","Configuration":{"QuestionDescriptionOption":"UseText"},"QuestionDescription":"Here we are interested in your recollection and reactions to the materials you just saw. Please a...","ChoiceOrder":[],"Validation":{"Settings":{"Type":"None"}},"GradingData":[],"Language":[],"QuestionID":"QID933","DataVisibility":{"Private":false,"Hidden":false},"QuestionText_Unsafe":"<span style=\"mso-ansi-language:EN-US\" lang=\"EN-US\">Here we are interested in your recollection and reactions to the materials you've seen so far in the study. <\/span><span style=\"mso-ansi-language:EN-US\" lang=\"EN-US\">Please answer these as best as you can. <br><\/span>","NextChoiceId":1,"NextAnswerId":1}},{"SurveyID":"SV_d5BdNo1oul4zdv7","Element":"SQ","PrimaryAttribute":"QID1322","SecondaryAttribute":"Here we are interested in your recollection and reactions to the materials you just saw. Please a...","TertiaryAttribute":null,"Payload":{"QuestionText":"<span style=\"mso-ansi-language:EN-US\" lang=\"EN-US\">Here we are interested in your recollection and reactions to the materials you just saw. <\/span><span style=\"mso-ansi-language:EN-US\" lang=\"EN-US\">Please answer these as best as you can. <br><\/span>","DefaultChoices":false,"DataExportTag":"Q52","QuestionType":"DB","Selector":"TB","DataVisibility":{"Private":false,"Hidden":false},"Configuration":{"QuestionDescriptionOption":"UseText"},"QuestionDescription":"Here we are interested in your recollection and reactions to the materials you just saw. Please a...","ChoiceOrder":[],"Validation":{"Settings":{"Type":"None"}},"GradingData":[],"Language":[],"NextChoiceId":1,"NextAnswerId":1,"QuestionID":"QID1322"}},{"SurveyID":"SV_d5BdNo1oul4zdv7","Element":"SQ","PrimaryAttribute":"QID1330","SecondaryAttribute":"If you complete all parts of the study (or nearly so) you will be entered into a raffle for a $50...","TertiaryAttribute":null,"Payload":{"QuestionText":"<span lang=\"EN-US\">If you complete all parts of the\nstudy (or nearly so) you will be entered into a raffle for a $50 bonus \n(1 in 100 will win this). If you win, would you be willing to\ndonate part of that to an international charity operating in Syria?<\/span><em><\/em>","DefaultChoices":false,"QuestionType":"MC","Selector":"SAVR","SubSelector":"TX","Configuration":{"QuestionDescriptionOption":"UseText"},"QuestionDescription":"If you complete all parts of the study (or nearly so) you will be entered into a raffle for a $50...","Choices":{"6":{"Display":"Yes"},"7":{"Display":"No"}},"ChoiceOrder":["6","7"],"Validation":{"Settings":{"ForceResponse":"OFF","ForceResponseType":"ON","Type":"None"}},"GradingData":[],"Language":[],"QuestionText_Unsafe":"<span lang=\"EN-US\">If you complete all parts of the\nstudy (or nearly so) you will be entered into a raffle for a $50 bonus \n(1 in 100 will win this). If you win, would you be willing to\ndonate part of that to an international charity operating in Syria?<\/span><em><\/em>","DataExportTag":"Q1330","QuestionID":"QID1330"}},{"SurveyID":"SV_d5BdNo1oul4zdv7","Element":"SQ","PrimaryAttribute":"QID1294","SecondaryAttribute":"If you complete all parts of the study (or nearly so) you will be entered into a raffle, and base...","TertiaryAttribute":null,"Payload":{"QuestionText":"<span lang=\"EN-US\">If you complete all parts of the study (or nearly so)\n you will be entered into a raffle, and based on the raffle a number of participants will receive a $50 bonus. For the next question, consider what you would do with the money if you were one of the winners.<\/span><span lang=\"EN-US\"><span lang=\"EN-US\"><\/span><\/span>","DefaultChoices":false,"QuestionType":"DB","Selector":"TB","Configuration":{"QuestionDescriptionOption":"UseText"},"QuestionDescription":"If you complete all parts of the study (or nearly so) you will be entered into a raffle, and base...","ChoiceOrder":[],"Validation":{"Settings":{"Type":"None"}},"GradingData":[],"Language":[],"DataVisibility":{"Private":false,"Hidden":false},"QuestionText_Unsafe":"<span lang=\"EN-US\">If you complete all parts of the study (or nearly so)\n you will be entered into a raffle, and based on the raffle a number of participants will receive a $50 bonus. For the next question, consider what you would do with the money if you were one of the winners.<\/span><span lang=\"EN-US\"><span lang=\"EN-US\"><\/span><\/span>","DataExportTag":"Q3.5","QuestionID":"QID1294"}},{"SurveyID":"SV_d5BdNo1oul4zdv7","Element":"SQ","PrimaryAttribute":"QID1316","SecondaryAttribute":"If you complete all parts of the study (or nearly so) you will be entered into a raffle, and base...","TertiaryAttribute":null,"Payload":{"QuestionText":"<span lang=\"EN-US\">If you complete all parts of the study (or nearly so)\n you will be entered into a raffle, and based on the raffle a number of participants will receive a $50 bonus. For the next question, consider what you would do with the money if you were one of the winners.<\/span><span lang=\"EN-US\"><span lang=\"EN-US\"><\/span><\/span>","DefaultChoices":false,"QuestionType":"DB","Selector":"TB","Configuration":{"QuestionDescriptionOption":"UseText"},"QuestionDescription":"If you complete all parts of the study (or nearly so) you will be entered into a raffle, and base...","ChoiceOrder":[],"Validation":{"Settings":{"Type":"None"}},"GradingData":[],"Language":[],"DataVisibility":{"Private":false,"Hidden":false},"QuestionText_Unsafe":"<span lang=\"EN-US\">If you complete all parts of the study (or nearly so)\n you will be entered into a raffle, and based on the raffle a number of participants will receive a $50 bonus. For the next question, consider what you would do with the money if you were one of the winners.<\/span><span lang=\"EN-US\"><span lang=\"EN-US\"><\/span><\/span>","DataExportTag":"Q1316","QuestionID":"QID1316"}},{"SurveyID":"SV_d5BdNo1oul4zdv7","Element":"SQ","PrimaryAttribute":"QID1323","SecondaryAttribute":"If you had to pick, what would you say was your strongest reaction to the part about blindness? I...","TertiaryAttribute":null,"Payload":{"QuestionText":"<div>If you had to pick, what would you say was your strongest reaction to the part about blindness?<\/div><div><br><\/div><div>It made me feel...<\/div>","DataExportTag":"Q53","QuestionType":"MC","Selector":"SAVR","SubSelector":"TX","Configuration":{"QuestionDescriptionOption":"UseText"},"QuestionDescription":"If you had to pick, what would you say was your strongest reaction to the part about blindness? I...","Choices":{"2":{"Display":"like I just wanted to move on."},"3":{"Display":"like I just wanted to help in some way."}},"ChoiceOrder":["2","3"],"Validation":{"Settings":{"ForceResponse":"OFF","ForceResponseType":"ON","Type":"None"}},"Language":[],"NextChoiceId":4,"NextAnswerId":1,"QuestionID":"QID1323"}},{"SurveyID":"SV_d5BdNo1oul4zdv7","Element":"SQ","PrimaryAttribute":"QID1333","SecondaryAttribute":"Please use the slider to indicate any amount you want to donate (\u00a30-50). Place the slider at 0 if..","TertiaryAttribute":null,"Payload":{"QuestionText":"Please use the slider \nto indicate any amount you\nwant to donate (\u00a30-50).<br><br>Place the slider at 0 if you don't want to donate.","DefaultChoices":false,"QuestionType":"Slider","Selector":"HBAR","Configuration":{"QuestionDescriptionOption":"UseText","CSSliderMin":0,"CSSliderMax":50,"GridLines":1,"NumDecimals":0,"ShowValue":true,"CustomStart":true,"SliderStartPositions":{"1":0},"NotApplicable":false,"MobileFirst":false},"QuestionDescription":"Please use the slider to indicate any amount you want to donate (\u00a30-50). Place the slider at 0 if...","Choices":{"1":{"Display":"\u00a3 to donate"}},"ChoiceOrder":["1"],"Validation":{"Settings":{"ForceResponse":"OFF","ForceResponseType":"ON","Type":"None"}},"GradingData":[],"Language":[],"Labels":[],"QuestionText_Unsafe":"As mentioned, completed surveys (or nearly so) will be entered into a \nraffle for $50 bonus, and you indicated whether you would be willing to \ndonate a part \nof the bonus to an emergency relief fund in<span lang=\"EN-US\"> Syria.<\/span><br><br>Please use the slider \nto indicate any amount you\nwant to donate ($0-50).<br><br>Leave the slider at 0 to receive the full bonus.","DataExportTag":"Q1333","QuestionID":"QID1333","DataVisibility":{"Private":false,"Hidden":false},"NextChoiceId":2,"NextAnswerId":1}},{"SurveyID":"SV_d5BdNo1oul4zdv7","Element":"SQ","PrimaryAttribute":"QID1274","SecondaryAttribute":"Please use the sliders to indicate amounts you want to donate (\u00a30-50) to two charity program, ver..","TertiaryAttribute":null,"Payload":{"QuestionText":"Please use the sliders to indicate amounts you want to donate (\u00a30-50) to two charity program, versus what you want to keep for yourself. <br><br>The answers should sum to \u00a350.<br>\n<br>\nHere is a brief description of two charity programs you can choose from:<br>\n<br>\n<div><span style=\"mso-no-proof:yes\"><span style=\"mso-no-proof:yes\"><strong><u>Guide dogs:<\/u><\/strong> Donations to this cause help <\/span><\/span>provide guide dogs to blind and visually impaired men and women in the UK to lead confident, independent and fulfilling lives. A guide dog is trained to support a visually impaired person in navigating any mobility challenges he or she \nmay face. The lifetime cost of a guide dog for one person is around \u00a355,000.<br><\/div><br>\n<div><span style=\"mso-no-proof:yes\"><span style=\"mso-no-proof:yes\"><strong><u><span style=\"mso-no-proof:yes\"><span style=\"mso-no-proof:yes\">River blindness<\/span><\/span><\/u><\/strong><\/span><\/span><span style=\"mso-no-proof:yes\"><span style=\"mso-no-proof:yes\"><strong><\/strong>: <\/span><\/span><span style=\"mso-no-proof:yes\"><span style=\"mso-no-proof:yes\">Donations to this cause help<\/span><\/span><span style=\"mso-no-proof:yes\"><span style=\"mso-no-proof:yes\"> eliminate river blindness <\/span><\/span><span style=\"mso-no-proof:yes\"><span style=\"mso-no-proof:yes\">in Latin America and Africa, one of the leading causes of preventable \nblindness worldwide. This charity works with distributing a medicine, <\/span><\/span><span style=\"mso-no-proof:yes\"><span style=\"mso-no-proof:yes\">ivermectin, which is effective in suppressing the worms that cause river blindness. More research is needed, <\/span><\/span><span style=\"mso-no-proof:yes\">but independent estimates suggest that for $100 it is possible to avert a total of 10-50 years of serious debilitation \n(blindness, low vision) for a person. <\/span><\/div><div><span style=\"mso-no-proof:yes\"> <\/span><\/div>","DefaultChoices":false,"DataExportTag":"Q6.1","QuestionType":"CS","Selector":"HBAR","DataVisibility":{"Private":false,"Hidden":false},"Configuration":{"QuestionDescriptionOption":"UseText","CSSliderMin":0,"CSSliderMax":50,"GridLines":10,"NumDecimals":"0","ShowValue":true,"CustomStart":true,"SliderStartPositions":{"1":0,"2":0,"3":0}},"QuestionDescription":"Please use the sliders to indicate amounts you want to donate (\u00a30-50) to two charity program, ver...","Choices":{"1":{"Display":"Donation for providing guide dogs (\u00a3)"},"2":{"Display":"Donation for eliminating river blindness (\u00a3)"},"3":{"Display":"Keep as bonus (\u00a3)"}},"ChoiceOrder":["1","2","3"],"Validation":{"Settings":{"Type":"ChoicesTotal","ChoiceTotal":"50"}},"GradingData":[],"Language":[],"Labels":[],"QuestionID":"QID1274","QuestionText_Unsafe":"Please use the sliders to indicate amounts you want to donate ($0-50) to two charity program, versus what you want to keep for yourself. Decisions here are consequential - if you win the raffle we'll subtract donated amounts from the bonus.<br><br>The answers should sum to $50.<br>\n<br>\nHere is a brief description of two charity programs you can choose from:<br>\n<br>\n<span style=\"mso-no-proof:yes\"><span style=\"mso-no-proof:yes\"><strong><u>Guide dogs:<\/u><\/strong> Donations to this cause help <\/span><\/span>provide guide dogs to blind and visually impaired men and women from the United \nStates so that they may continue to pursue their goals with \nincreased mobility and independence.<br>\n<br>\n<span style=\"mso-no-proof:yes\"><span style=\"mso-no-proof:yes\"><strong><u><span style=\"mso-no-proof:yes\"><span style=\"mso-no-proof:yes\">River blindness<\/span><\/span> (<\/u><\/strong><\/span><\/span><span style=\"mso-no-proof:yes\"><span style=\"mso-no-proof:yes\"><strong><u>Onchocerciasis)<\/u><\/strong>: <\/span><\/span><span style=\"mso-no-proof:yes\"><span style=\"mso-no-proof:yes\">Donations to this cause help<\/span><\/span><span style=\"mso-no-proof:yes\"><span style=\"mso-no-proof:yes\"> eliminate river blindness <\/span><\/span><span style=\"mso-no-proof:yes\"><span style=\"mso-no-proof:yes\">in Latin America and Africa, one of the leading causes of preventable \nblindness worldwide. <\/span><\/span><span style=\"mso-no-proof:yes\">For organizations that compare charities in terms of concrete outcomes, this is considered a promising and cost-effective way to help many people.<br> <\/span>","NextChoiceId":4,"NextAnswerId":1}},{"SurveyID":"SV_d5BdNo1oul4zdv7","Element":"SQ","PrimaryAttribute":"QID1320","SecondaryAttribute":"Please use the sliders to indicate amounts you want to donate (\u00a30-50) to two charity program, ver..","TertiaryAttribute":null,"Payload":{"QuestionText":"Please use the sliders to indicate amounts you want to donate (\u00a30-50) to two charity program, versus what you want to keep for yourself. <br><br>The answers should sum to \u00a350.<br>\n<br>\nHere is a brief description of two charity programs you can choose from:<br>\n<br>\n<div><span style=\"mso-no-proof:yes\"><span style=\"mso-no-proof:yes\"><strong><u>Guide dogs:<\/u><\/strong> Donations to this cause help <\/span><\/span>provide guide dogs to blind and visually impaired men and women in the UK to lead confident, independent and fulfilling lives. A guide dog is trained to support a visually impaired person in navigating any mobility challenges he or she \nmay face. <br><\/div><br>\n<div><span style=\"mso-no-proof:yes\"><span style=\"mso-no-proof:yes\"><strong><u><span style=\"mso-no-proof:yes\"><span style=\"mso-no-proof:yes\">River blindness<\/span><\/span><\/u><\/strong><\/span><\/span><span style=\"mso-no-proof:yes\"><span style=\"mso-no-proof:yes\"><strong><\/strong>: <\/span><\/span><span style=\"mso-no-proof:yes\"><span style=\"mso-no-proof:yes\">Donations to this cause help<\/span><\/span><span style=\"mso-no-proof:yes\"><span style=\"mso-no-proof:yes\"> eliminate river blindness <\/span><\/span><span style=\"mso-no-proof:yes\"><span style=\"mso-no-proof:yes\">in Latin America and Africa, one of the leading causes of preventable \nblindness worldwide. This charity works with distributing a medicine, <\/span><\/span><span style=\"mso-no-proof:yes\"><span style=\"mso-no-proof:yes\">ivermectin, which suppresses the worms that cause river blindness. <\/span><\/span><span style=\"mso-no-proof:yes\"><\/span><\/div><div><span style=\"mso-no-proof:yes\"> <\/span><\/div>","DefaultChoices":false,"QuestionType":"CS","Selector":"HBAR","DataVisibility":{"Private":false,"Hidden":false},"Configuration":{"QuestionDescriptionOption":"UseText","CSSliderMin":0,"CSSliderMax":50,"GridLines":10,"NumDecimals":"0","ShowValue":true,"CustomStart":true,"SliderStartPositions":{"1":0,"2":0,"3":0}},"QuestionDescription":"Please use the sliders to indicate amounts you want to donate (\u00a30-50) to two charity program, ver...","Choices":{"1":{"Display":"Donation for providing guide dogs (\u00a3)"},"2":{"Display":"Donation for eliminating river blindness (\u00a3)"},"3":{"Display":"Keep as bonus (\u00a3)"}},"ChoiceOrder":["1","2","3"],"Validation":{"Settings":{"Type":"ChoicesTotal","ChoiceTotal":"50"}},"GradingData":[],"Language":[],"Labels":[],"QuestionText_Unsafe":"Please use the sliders to indicate amounts you want to donate (\u00a30-50) to two charity program, versus what you want to keep for yourself. <br><br>The answers should sum to \u00a350.<br>\n<br>\nHere is a brief description of two charity programs you can choose from:<br>\n<br>\n<div><span style=\"mso-no-proof:yes\"><span style=\"mso-no-proof:yes\"><strong><u>Guide dogs:<\/u><\/strong> Donations to this cause help <\/span><\/span>provide guide dogs to blind and visually impaired men and women in the UK to lead confident, independent and fulfilling lives. A guide dog is trained to support a visually impaired person in navigating any mobility challenges he or she \nmay face. The lifetime cost of a guide dog for one person is around \u00a355,000.<br><\/div><br>\n<div><span style=\"mso-no-proof:yes\"><span style=\"mso-no-proof:yes\"><strong><u><span style=\"mso-no-proof:yes\"><span style=\"mso-no-proof:yes\">River blindness<\/span><\/span><\/u><\/strong><\/span><\/span><span style=\"mso-no-proof:yes\"><span style=\"mso-no-proof:yes\"><strong><\/strong>: <\/span><\/span><span style=\"mso-no-proof:yes\"><span style=\"mso-no-proof:yes\">Donations to this cause help<\/span><\/span><span style=\"mso-no-proof:yes\"><span style=\"mso-no-proof:yes\"> eliminate river blindness <\/span><\/span><span style=\"mso-no-proof:yes\"><span style=\"mso-no-proof:yes\">in Latin America and Africa, one of the leading causes of preventable \nblindness worldwide. This charity works with distributing a medicine, <\/span><\/span><span style=\"mso-no-proof:yes\"><span style=\"mso-no-proof:yes\">ivermectin, which is effective in suppressing the worms that cause river blindness. More research is needed, <\/span><\/span><span style=\"mso-no-proof:yes\">but independent estimates suggest that for $100 it is possible to avert a total of 10-50 years of serious debilitation \n(blindness, low vision) for a person. <\/span><\/div><div><span style=\"mso-no-proof:yes\"> <\/span><\/div>","NextChoiceId":4,"NextAnswerId":1,"DataExportTag":"Q1320","QuestionID":"QID1320"}},{"SurveyID":"SV_d5BdNo1oul4zdv7","Element":"SG","PrimaryAttribute":"SGRP_4NS1lEDh93B13Fz","SecondaryAttribute":"RP_4NS1lEDh93B13Fz","TertiaryAttribute":"RP_4NS1lEDh93B13Fz","Payload":{"0":[{"LogicType":"Question","LeftOperand":"q:\/\/QID765\/ChoiceNumericEntryValue\/1","ChoiceLocator":"q:\/\/QID765\/ChoiceNumericEntryValue\/1","QuestionID":"QID765","Operator":"NotEmpty","Type":"Expression","Description":"Question - Please use the slider to indicate any amount you want to donate ($0-5).<em>,<\/em> Choice - $ to donate: Value Entry<em>,<\/em> <b>Is<\/b> Not Empty"}],"Type":"BooleanExpression","Name":"RP_4NS1lEDh93B13Fz","LogicID":"SGRP_4NS1lEDh93B13Fz"}},{"SurveyID":"SV_d5BdNo1oul4zdv7","Element":"SG","PrimaryAttribute":"SGRP_5vStrDAowqDdaIJ","SecondaryAttribute":"RP_5vStrDAowqDdaIJ","TertiaryAttribute":"RP_5vStrDAowqDdaIJ","Payload":{"0":[{"LogicType":"Question","LeftOperand":"q:\/\/QID765\/ChoiceNumericEntryValue\/1","ChoiceLocator":"q:\/\/QID765\/ChoiceNumericEntryValue\/1","QuestionID":"QID765","Operator":"NotEmpty","Type":"Expression","Description":"Question - Please use the slider to indicate any amount you want\nto donate ($0-1.10).<em>,<\/em> Choice - $ to donate: Value Entry<em>,<\/em> <b>Is<\/b> Not Empty"}],"Type":"BooleanExpression","Name":"RP_5vStrDAowqDdaIJ","LogicID":"SGRP_5vStrDAowqDdaIJ"}},{"SurveyID":"SV_d5BdNo1oul4zdv7","Element":"SG","PrimaryAttribute":"SGRP_aaR1fkT5VLGK9mZ","SecondaryAttribute":"RP_aaR1fkT5VLGK9mZ","TertiaryAttribute":"RP_aaR1fkT5VLGK9mZ","Payload":{"0":[{"LogicType":"Question","LeftOperand":"q:\/\/QID765\/ChoiceNumericEntryValue\/1","ChoiceLocator":"q:\/\/QID765\/ChoiceNumericEntryValue\/1","QuestionID":"QID765","Operator":"NotEmpty","Type":"Expression","Description":"Question - Please use the slider to indicate any amount you want to donate\n($0-1.10).<em>,<\/em> Choice - $ to donate: Value Entry<em>,<\/em> <b>Is<\/b> Not Empty"}],"Type":"BooleanExpression","Name":"RP_aaR1fkT5VLGK9mZ","LogicID":"SGRP_aaR1fkT5VLGK9mZ"}},{"SurveyID":"SV_d5BdNo1oul4zdv7","Element":"SQ","PrimaryAttribute":"QID1312","SecondaryAttribute":"There are many reasons why people become blind and many ways to help. As noted, by completing thi...","TertiaryAttribute":null,"Payload":{"QuestionText":"<p>There are many reasons why people become blind and many ways to help. As noted, by completing this survey, you are eligible to win a \u00a350 prize.&nbsp; In case you win, we are giving you the opportunity to commit now to donate from your prize to one of two charities focused on helping blind individuals, as described shortly.&nbsp;Furthermore, for&nbsp;every \u00a31 you donate, we will add an additional 25p.\n\n<\/p><p>&nbsp;<\/p>\n\n<p><br>\n<em>&nbsp;<\/em><\/p>\n\n<p><em>&nbsp;<\/em><\/p>\n\n<p><em><em>&nbsp;<\/em><\/em><\/p>\n\n<p><em><em>&nbsp;<\/em><\/em><\/p>","DefaultChoices":false,"QuestionType":"DB","Selector":"TB","DataVisibility":{"Private":false,"Hidden":false},"Configuration":{"QuestionDescriptionOption":"UseText"},"QuestionDescription":"There are many reasons why people become blind and many ways to help. As noted, by completing thi...","ChoiceOrder":[],"Validation":{"Settings":{"Type":"None"}},"GradingData":[],"Language":[],"QuestionText_Unsafe":"<p><img src=\"https:\/\/harvard.az1.qualtrics.com\/CP\/Graphic.php?IM=IM_cI6W6djLZFwxN5P\" style=\"width: 500px; height: 333px;\"><br>\n<br>\nThe girl in the picture is 12-years old and she is blind. <br><\/p><p><br><\/p><p>There are many reasons why people become blind and many ways to help. As noted, by completing this survey, you are eligible to win a \u00a350 prize.&nbsp; In case you win, we are giving you the opportunity to commit now to donate from your prize to one of two charities focused on helping blind individuals, as described shortly.&nbsp;Furthermore, for&nbsp;every \u00a31 you donate, we will add an additional 25p.\n\n<\/p><p>&nbsp;<\/p>\n\n<p><br>\n<em>&nbsp;<\/em><\/p>\n\n<p><em>&nbsp;<\/em><\/p>\n\n<p><em><em>&nbsp;<\/em><\/em><\/p>\n\n<p><em><em>&nbsp;<\/em><\/em><\/p>","NextChoiceId":1,"NextAnswerId":1,"DataExportTag":"Q1312","QuestionID":"QID1312"}},{"SurveyID":"SV_d5BdNo1oul4zdv7","Element":"SQ","PrimaryAttribute":"QID1328","SecondaryAttribute":"There are several international charities operating in Syria, and here you some find information...","TertiaryAttribute":null,"Payload":{"QuestionText":"There are several international charities operating in Syria, and here you some find information about two of them, from an organization rating charities in terms of efficiency. Please review this information for a moment, before you move on to the next question.<br>\n&nbsp;<img src=\"https:\/\/harvard.az1.qualtrics.com\/CP\/Graphic.php?IM=IM_3wocfXhEWixck5f\" style=\"width: 700px; height: 361px;\">","DefaultChoices":false,"QuestionType":"DB","Selector":"TB","Configuration":{"QuestionDescriptionOption":"UseText"},"QuestionDescription":"There are several international charities operating in Syria, and here you some find information...","ChoiceOrder":[],"Validation":{"Settings":{"Type":"None"}},"GradingData":[],"Language":[],"QuestionText_Unsafe":"There are several international charities operating in Syria, and here you some find information about two of them, from an organization rating charities in terms of efficiency. Please review this information for a moment, before you move on to the next question.<br>\n&nbsp;<img src=\"https:\/\/harvard.az1.qualtrics.com\/CP\/Graphic.php?IM=IM_3wocfXhEWixck5f\" style=\"width: 700px; height: 361px;\">","DataExportTag":"Q1328","QuestionID":"QID1328"}},{"SurveyID":"SV_d5BdNo1oul4zdv7","Element":"SQ","PrimaryAttribute":"QID1296","SecondaryAttribute":"This girl is 12-years old and she is blind. There are many reasons why people become blind and ma...","TertiaryAttribute":null,"Payload":{"QuestionText":"<p><img src=\"https:\/\/harvard.az1.qualtrics.com\/CP\/Graphic.php?IM=IM_cI6W6djLZFwxN5P\" style=\"width: 500px; height: 333px;\"><br>\n<br>\nThis girl is 12-years old and she is blind. <br><\/p><p><br><\/p><p>There are many reasons why people become blind and many ways to help. As noted, by completing this survey, you are eligible to win a \u00a350 prize.&nbsp; In case you win, we are giving you the opportunity to commit now to donate from your prize to one of two charities focused on helping blind individuals, as described shortly.&nbsp;Furthermore, for&nbsp;every \u00a31 you donate we will add an additional 25p.\n\n<\/p><p>&nbsp;<\/p>\n\n<p><br>\n<em>&nbsp;<\/em><\/p>\n\n<p><em>&nbsp;<\/em><\/p>\n\n<p><em><em>&nbsp;<\/em><\/em><\/p>\n\n<p><em><em>&nbsp;<\/em><\/em><\/p>","DefaultChoices":false,"DataExportTag":"Q3.1","QuestionType":"DB","Selector":"TB","DataVisibility":{"Private":false,"Hidden":false},"Configuration":{"QuestionDescriptionOption":"UseText"},"QuestionDescription":"This girl is 12-years old and she is blind. There are many reasons why people become blind and ma...","ChoiceOrder":[],"Validation":{"Settings":{"Type":"None"}},"GradingData":[],"Language":[],"QuestionID":"QID1296","QuestionText_Unsafe":"<p>Guide dogs, like the ones in these pictures, are important for empowering people who are blind and visually impaired to live with increased independence.<br \/>\n&nbsp;<\/p>\n\n<p><img src=\"https:\/\/harvard.az1.qualtrics.com\/CP\/Graphic.php?IM=IM_3KlnxZef1BNnSGF\" style=\"width: 598px; height: 270px;\" \/><em>&nbsp;<\/em><\/p>\n\n<p><em>&nbsp;<\/em><\/p>\n\n<p><em><em>&nbsp;<\/em><\/em><\/p>\n\n<p><em><em>&nbsp;<\/em><\/em><\/p>","NextChoiceId":1,"NextAnswerId":1}},{"SurveyID":"SV_d5BdNo1oul4zdv7","Element":"SQ","PrimaryAttribute":"QID1275","SecondaryAttribute":"Timing","TertiaryAttribute":null,"Payload":{"QuestionText":"Timing","DefaultChoices":false,"DataExportTag":"Q6.2","QuestionType":"Timing","Selector":"PageTimer","DataVisibility":{"Private":false,"Hidden":false},"Configuration":{"QuestionDescriptionOption":"UseText","MinSeconds":"0","MaxSeconds":"0"},"QuestionDescription":"Timing","Choices":{"1":{"Display":"First Click"},"2":{"Display":"Last Click"},"3":{"Display":"Page Submit"},"4":{"Display":"Click Count"}},"GradingData":[],"Language":[],"QuestionID":"QID1275","QuestionText_Unsafe":"Timing"}},{"SurveyID":"SV_d5BdNo1oul4zdv7","Element":"SQ","PrimaryAttribute":"QID1292","SecondaryAttribute":"Timing","TertiaryAttribute":null,"Payload":{"QuestionText":"Timing","DefaultChoices":false,"QuestionType":"Timing","Selector":"PageTimer","Configuration":{"QuestionDescriptionOption":"UseText","MinSeconds":"0","MaxSeconds":"0"},"QuestionDescription":"Timing","Choices":{"1":{"Display":"First Click"},"2":{"Display":"Last Click"},"3":{"Display":"Page Submit"},"4":{"Display":"Click Count"}},"GradingData":[],"Language":[],"QuestionText_Unsafe":"Timing","DataExportTag":"Q3.3","QuestionID":"QID1292"}},{"SurveyID":"SV_d5BdNo1oul4zdv7","Element":"SQ","PrimaryAttribute":"QID1314","SecondaryAttribute":"Timing","TertiaryAttribute":null,"Payload":{"QuestionText":"Timing","DefaultChoices":false,"QuestionType":"Timing","Selector":"PageTimer","Configuration":{"QuestionDescriptionOption":"UseText","MinSeconds":"0","MaxSeconds":"0"},"QuestionDescription":"Timing","Choices":{"1":{"Display":"First Click"},"2":{"Display":"Last Click"},"3":{"Display":"Page Submit"},"4":{"Display":"Click Count"}},"GradingData":[],"Language":[],"QuestionText_Unsafe":"Timing","DataExportTag":"Q1314","QuestionID":"QID1314"}},{"SurveyID":"SV_d5BdNo1oul4zdv7","Element":"SQ","PrimaryAttribute":"QID1321","SecondaryAttribute":"Timing","TertiaryAttribute":null,"Payload":{"QuestionText":"Timing","DefaultChoices":false,"QuestionType":"Timing","Selector":"PageTimer","DataVisibility":{"Private":false,"Hidden":false},"Configuration":{"QuestionDescriptionOption":"UseText","MinSeconds":"0","MaxSeconds":"0"},"QuestionDescription":"Timing","Choices":{"1":{"Display":"First Click"},"2":{"Display":"Last Click"},"3":{"Display":"Page Submit"},"4":{"Display":"Click Count"}},"GradingData":[],"Language":[],"QuestionText_Unsafe":"Timing","DataExportTag":"Q1321","QuestionID":"QID1321"}},{"SurveyID":"SV_d5BdNo1oul4zdv7","Element":"SQ","PrimaryAttribute":"QID1324","SecondaryAttribute":"Timing","TertiaryAttribute":null,"Payload":{"QuestionText":"Timing","DefaultChoices":false,"QuestionType":"Timing","Selector":"PageTimer","Configuration":{"QuestionDescriptionOption":"UseText","MinSeconds":"0","MaxSeconds":"0"},"QuestionDescription":"Timing","Choices":{"1":{"Display":"First Click"},"2":{"Display":"Last Click"},"3":{"Display":"Page Submit"},"4":{"Display":"Click Count"}},"GradingData":[],"Language":[],"QuestionText_Unsafe":"Timing","DataExportTag":"Q1324","QuestionID":"QID1324"}},{"SurveyID":"SV_d5BdNo1oul4zdv7","Element":"SQ","PrimaryAttribute":"QID1327","SecondaryAttribute":"Timing","TertiaryAttribute":null,"Payload":{"QuestionText":"Timing","DefaultChoices":false,"QuestionType":"Timing","Selector":"PageTimer","Configuration":{"QuestionDescriptionOption":"UseText","MinSeconds":"0","MaxSeconds":"0"},"QuestionDescription":"Timing","Choices":{"1":{"Display":"First Click"},"2":{"Display":"Last Click"},"3":{"Display":"Page Submit"},"4":{"Display":"Click Count"}},"GradingData":[],"Language":[],"QuestionText_Unsafe":"Timing","DataExportTag":"Q1327","QuestionID":"QID1327"}},{"SurveyID":"SV_d5BdNo1oul4zdv7","Element":"SQ","PrimaryAttribute":"QID1329","SecondaryAttribute":"Timing","TertiaryAttribute":null,"Payload":{"QuestionText":"Timing","DefaultChoices":false,"QuestionType":"Timing","Selector":"PageTimer","Configuration":{"QuestionDescriptionOption":"UseText","MinSeconds":"0","MaxSeconds":"0"},"QuestionDescription":"Timing","Choices":{"1":{"Display":"First Click"},"2":{"Display":"Last Click"},"3":{"Display":"Page Submit"},"4":{"Display":"Click Count"}},"GradingData":[],"Language":[],"QuestionText_Unsafe":"Timing","DataExportTag":"Q1329","QuestionID":"QID1329"}},{"SurveyID":"SV_d5BdNo1oul4zdv7","Element":"SQ","PrimaryAttribute":"QID1331","SecondaryAttribute":"Timing","TertiaryAttribute":null,"Payload":{"QuestionText":"Timing","DefaultChoices":false,"QuestionType":"Timing","Selector":"PageTimer","Configuration":{"QuestionDescriptionOption":"UseText","MinSeconds":"0","MaxSeconds":"0"},"QuestionDescription":"Timing","Choices":{"1":{"Display":"First Click"},"2":{"Display":"Last Click"},"3":{"Display":"Page Submit"},"4":{"Display":"Click Count"}},"GradingData":[],"Language":[],"QuestionText_Unsafe":"Timing","DataExportTag":"Q1331","QuestionID":"QID1331"}},{"SurveyID":"SV_d5BdNo1oul4zdv7","Element":"SQ","PrimaryAttribute":"QID1334","SecondaryAttribute":"Timing","TertiaryAttribute":null,"Payload":{"QuestionText":"Timing","DefaultChoices":false,"QuestionType":"Timing","Selector":"PageTimer","Configuration":{"QuestionDescriptionOption":"UseText","MinSeconds":"0","MaxSeconds":"0"},"QuestionDescription":"Timing","Choices":{"1":{"Display":"First Click"},"2":{"Display":"Last Click"},"3":{"Display":"Page Submit"},"4":{"Display":"Click Count"}},"GradingData":[],"Language":[],"QuestionText_Unsafe":"Timing","DataExportTag":"Q1334","QuestionID":"QID1334"}},{"SurveyID":"SV_d5BdNo1oul4zdv7","Element":"SQ","PrimaryAttribute":"QID1326","SecondaryAttribute":"What is your spontaneous reaction to seeing this image? Tell us the first word that comes to mind...","TertiaryAttribute":null,"Payload":{"QuestionText":"<div>What is your spontaneous reaction to seeing this image? Tell us the first word that comes to mind for you!<\/div>","DefaultChoices":false,"QuestionType":"TE","Selector":"SL","Configuration":{"QuestionDescriptionOption":"UseText"},"QuestionDescription":"What is your spontaneous reaction to seeing this image? Tell us the first word that comes to mind...","Validation":{"Settings":{"ForceResponse":"OFF","ForceResponseType":"ON","Type":"TotalChar","TotalChars":"20"}},"GradingData":[],"Language":[],"QuestionText_Unsafe":"<div>What is your spontaneous reaction to seeing this image? Tell us the first word that comes to mind for you!<\/div>","DataExportTag":"Q1326","QuestionID":"QID1326"}},{"SurveyID":"SV_d5BdNo1oul4zdv7","Element":"SQ","PrimaryAttribute":"QID1194","SecondaryAttribute":"Where are the efforts to eliminate river blindness concentrated?","TertiaryAttribute":null,"Payload":{"QuestionText":"Where are the efforts to eliminate river blindness concentrated?","DataExportTag":"Q7.2","QuestionType":"MC","Selector":"SAVR","SubSelector":"TX","Configuration":{"QuestionDescriptionOption":"UseText"},"QuestionDescription":"Where are the efforts to eliminate river blindness concentrated?","Choices":{"1":{"Display":"Oceania"},"2":{"Display":"Africa"},"3":{"Display":"Asia"},"4":{"Display":"Latin America"},"5":{"Display":"Latin America and Africa"},"6":{"Display":"Africa and Asia"},"7":{"Display":"Africa and Oceania"}},"ChoiceOrder":["1","2","3","4","5","6","7"],"Validation":{"Settings":{"ForceResponse":"OFF","ForceResponseType":"ON","Type":"None"}},"Language":[],"QuestionID":"QID1194","QuestionText_Unsafe":"Where are the efforts to eliminate river blindness concentrated?","DataVisibility":{"Private":false,"Hidden":false}}},{"SurveyID":"SV_d5BdNo1oul4zdv7","Element":"SQ","PrimaryAttribute":"QID1332","SecondaryAttribute":"Which charity, if any, would you want to support? If you don't want to donate, just leave this qu...","TertiaryAttribute":null,"Payload":{"QuestionText":"Which charity, if any, would you want to support?<br>\n<br>\nIf you don't want to donate, just leave this question unanswered.","DefaultChoices":false,"DataExportTag":"Q1332","QuestionID":"QID1332","QuestionType":"MC","Selector":"SAVR","SubSelector":"TX","DataVisibility":{"Private":false,"Hidden":false},"Configuration":{"QuestionDescriptionOption":"UseText"},"QuestionDescription":"Which charity, if any, would you want to support? If you don't want to donate, just leave this qu...","Choices":{"6":{"Display":"Guide dogs"},"7":{"Display":"River blindness intervention"}},"ChoiceOrder":["6","7"],"Validation":{"Settings":{"ForceResponse":"OFF","ForceResponseType":"ON","Type":"None"}},"GradingData":[],"Language":[],"NextChoiceId":9,"NextAnswerId":3}},{"SurveyID":"SV_d5BdNo1oul4zdv7","Element":"SQ","PrimaryAttribute":"QID1297","SecondaryAttribute":"Would you be willing to give a small amount to a guide dog charity? Please consider one of the fo...","TertiaryAttribute":null,"Payload":{"QuestionText":"<span style=\"mso-no-proof:yes\"><span style=\"mso-no-proof:yes\">Would you <\/span><span style=\"mso-no-proof:yes\"><span style=\"mso-no-proof:yes\">be willing to <\/span> give a small amount to<\/span> a guide dog charity<\/span><span style=\"mso-no-proof:yes\">?<br>\n<br>\nPlease consider one of the following amounts to give:<\/span>","DefaultChoices":false,"DataExportTag":"Q3.2","QuestionType":"MC","Selector":"SAVR","SubSelector":"TX","DataVisibility":{"Private":false,"Hidden":false},"Configuration":{"QuestionDescriptionOption":"UseText"},"QuestionDescription":"Would you be willing to give a small amount to a guide dog charity? Please consider one of the fo...","Choices":{"2":{"Display":"$0"},"3":{"Display":"$1"},"4":{"Display":"$2"},"5":{"Display":"$3"},"6":{"Display":"$4"},"7":{"Display":"$5"}},"ChoiceOrder":["2","3","4","5","6","7"],"Validation":{"Settings":{"ForceResponse":"OFF","ForceResponseType":"ON","Type":"None"}},"GradingData":[],"Language":[],"QuestionID":"QID1297","QuestionText_Unsafe":"<span style=\"mso-no-proof:yes\"><span style=\"mso-no-proof:yes\">Would you <\/span><span style=\"mso-no-proof:yes\"><span style=\"mso-no-proof:yes\">be willing to <\/span> give a small amount to<\/span> a guide dog charity<\/span><span style=\"mso-no-proof:yes\">?<br>\n<br>\nPlease consider one of the following amounts to give:<\/span>"}},{"SurveyID":"SV_d5BdNo1oul4zdv7","Element":"SQ","PrimaryAttribute":"QID1313","SecondaryAttribute":"Would you be willing to give a small amount to a guide dog charity? Please consider one of the fo...","TertiaryAttribute":null,"Payload":{"QuestionText":"<span style=\"mso-no-proof:yes\"><span style=\"mso-no-proof:yes\">Would you <\/span><span style=\"mso-no-proof:yes\"><span style=\"mso-no-proof:yes\">be willing to <\/span> give a small amount to<\/span> a guide dog charity<\/span><span style=\"mso-no-proof:yes\">?<br>\n<br>\nPlease consider one of the following amounts to give:<\/span>","DefaultChoices":false,"QuestionType":"MC","Selector":"SAVR","SubSelector":"TX","DataVisibility":{"Private":false,"Hidden":false},"Configuration":{"QuestionDescriptionOption":"UseText"},"QuestionDescription":"Would you be willing to give a small amount to a guide dog charity? Please consider one of the fo...","Choices":{"2":{"Display":"$0"},"3":{"Display":"$1"},"4":{"Display":"$2"},"5":{"Display":"$3"},"6":{"Display":"$4"},"7":{"Display":"$5"}},"ChoiceOrder":["2","3","4","5","6","7"],"Validation":{"Settings":{"ForceResponse":"OFF","ForceResponseType":"ON","Type":"None"}},"GradingData":[],"Language":[],"QuestionText_Unsafe":"<span style=\"mso-no-proof:yes\"><span style=\"mso-no-proof:yes\">Would you <\/span><span style=\"mso-no-proof:yes\"><span style=\"mso-no-proof:yes\">be willing to <\/span> give a small amount to<\/span> a guide dog charity<\/span><span style=\"mso-no-proof:yes\">?<br>\n<br>\nPlease consider one of the following amounts to give:<\/span>","DataExportTag":"Q1313","QuestionID":"QID1313"}},{"SurveyID":"SV_d5BdNo1oul4zdv7","Element":"SQ","PrimaryAttribute":"QID211","SecondaryAttribute":"You've now finished the study! Here is your completion code to paste in Mturk: ...","TertiaryAttribute":null,"Payload":{"QuestionText":"<strong><u><span style=\"font-size:16.5pt;font-family:&quot;Arial&quot;,&quot;sans-serif&quot;;\ncolor:red;mso-ansi-language:EN-US\" lang=\"EN-US\">You've now finished the study! Here is your completion code to paste in Mturk:<\/span><\/u><\/strong>\n\n<p><br>\n<strong><u><span style=\"font-size:16.5pt;font-family:&quot;Arial&quot;,&quot;sans-serif&quot;;color:red;mso-ansi-language:\nEN-US\" lang=\"EN-US\"><strong><span style=\"font-family:&quot;Arial&quot;,&quot;sans-serif&quot;\">${e:\/\/Field\/random}<\/span><\/strong><\/span><\/u><\/strong><\/p>\n\n<p><span style=\"mso-ansi-language:EN-US\" lang=\"EN-US\">&nbsp;<\/span><\/p>\n\n<p><strong><span style=\"font-size:14.5pt;font-family:&quot;Arial&quot;,&quot;sans-serif&quot;;\nmso-ansi-language:EN-US\" lang=\"EN-US\">Study Debriefing<\/span><\/strong><br>\n<br>\n<span style=\"mso-ansi-language:EN-US\" lang=\"EN-US\"><strong>Please note: We kindly ask you not to disclose this information about the research procedures and hypotheses to anyone who might participate in this study as this could affect the results of the study.<\/strong><br>\n&nbsp;<\/span><\/p>\n\n<p><strong>What was being studied?<\/strong><\/p>\n\n\n\n<p>You have just taken part in a study on psychological factors that facilitate versus hinder engagement with charity work - in this case, charities focusing on the problems of blindness. We are mainly interested in the effects of images of distressed people, and information about the effectiveness of a charity cause. We compare the impact of these different appeals on donations.<\/p>\n\n<p><br>\n<strong>How was this tested?<\/strong><\/p>\n\n<p>There were a number of versions of this survey, and you were randomly assigned to receive one of them. In one version, participants first received a brief text about guide dogs, along with two related images. After this we asked about a willingness to donate a few dollars for this cause, and then we presented a text describing how scholars have compared different charities that focus on blindness. The text ended on the note that donors face a difficult choice between helping one person with a guide dog or a couple of hundred people with treatments for river blindness. In another version of the survey, participants saw the same initial text and images about guide dogs, but then read a slightly different text. This text didn't describe the moral dilemma as choosing between a guide dog for one person versus many with river blindness, but rather that people could support both (and for different reasons). The third and final version of the survey did not show the introductory text and images related to guide dogs, but instead just discussed the problems of blindness in general terms. <br><\/p><p><br><\/p><p>All participants were subsequently asked about donating from a potential bonus payment, based on the outcome of a raffle. If you become a winner in the raffle, a donation equivalent to the amount specified here will be given to Guide Dogs of America and\/or River Blindness Program of the Carter Center (depending on the type of program you chose), while you would receive any remainder of the $50 as a bonus.\n\n<\/p><p>&nbsp;<\/p>\nFinally we asked some questions the donation part of the study, as well as some demographics. As explained in the consent form, we also examined how carefully people respond by tracking the time it takes to complete the survey, as well as specific key questions. The response time information could also be used to examine if participants vary in terms of how fast they made decisions about donations.<br>\n&nbsp;\n<p><strong>Main questions:<\/strong><\/p>\n\n<p>How do people respond to images and information about effectiveness when they decide to donate (or not) to charity? <br><\/p><p><br><\/p><p>Does it matter how the effectiveness information is presented\/framed (e.g., as a a trade-off between charity causes)?<br><\/p>\n\n<p>&nbsp;<\/p>\n\n<p><strong>Why is this important to study?<\/strong><br>\n<br>\nThe results of this study are important for understanding when and why people are willing to give up resources for the benefit of someone else.<br>\n<br>\n<strong>Further suggested reading:<\/strong><br>\n<br>\nSlovic, P. (2010). If I Look at the Mass I Will Never Act: Psychic Numbing and Genocide. In S. Roeser (Ed.) Emotions and Risky Technologies (Vol. 5, pp. 37\u201359).<\/p>\n\n<p><br>\n<strong>Contact the researcher:<\/strong><br>\n<br>\nIf you have questions or concerns about this research, please contact: Robin Bergh, Dept. of Psychology, William James Hall, 33 Kirkland St., Cambridge, Massachusetts 02138; Email: rbergh@fas.harvard.edu. You may also contact the faculty member supervising this work: Jim Sidanius, Professor of Psychology, Dept. of Psychology, William James Hall, 33 Kirkland St., Cambridge, MA 02138; Email: sidanius@wjh.harvard.edu.<\/p>\n\n<p>&nbsp;<\/p>\n\n<p>Whom to contact about your rights in this research, for questions, concerns, suggestions, or complaints that are not being addressed by the researcher, or research-related harm: Committee on the Use of Human Subjects in Research at Harvard University, 1350 Massachusetts Avenue, Suite 935, Cambridge, MA&nbsp; 02138.&nbsp; Phone:&nbsp; 617-496-CUHS (2847).&nbsp; Email: cuhs@harvard.edu.<\/p>\n\n<p>&nbsp;<br>\n<strong>Thank you for participating in this study!<\/strong><\/p>\n\n<p>&nbsp;<\/p>\n\n<p><span lang=\"EN-US\">&nbsp;<\/span><\/p>","DefaultChoices":false,"QuestionType":"DB","Selector":"TB","Configuration":{"QuestionDescriptionOption":"UseText"},"QuestionDescription":"You've now finished the study! Here is your completion code to paste in Mturk: ...","ChoiceOrder":[],"Validation":{"Settings":{"Type":"None"}},"GradingData":[],"Language":[],"QuestionText_Unsafe":"<strong><u><span style=\"font-size:16.5pt;font-family:&quot;Arial&quot;,&quot;sans-serif&quot;;\ncolor:red;mso-ansi-language:EN-US\" lang=\"EN-US\">You've now finished the study! Here is your completion code to paste in Mturk:<\/span><\/u><\/strong>\n\n<p><br>\n<strong><u><span style=\"font-size:16.5pt;font-family:&quot;Arial&quot;,&quot;sans-serif&quot;;color:red;mso-ansi-language:\nEN-US\" lang=\"EN-US\"><strong><span style=\"font-family:&quot;Arial&quot;,&quot;sans-serif&quot;\">${e:\/\/Field\/random}<\/span><\/strong><\/span><\/u><\/strong><\/p>\n\n<p><span style=\"mso-ansi-language:EN-US\" lang=\"EN-US\">&nbsp;<\/span><\/p>\n\n<p><strong><span style=\"font-size:14.5pt;font-family:&quot;Arial&quot;,&quot;sans-serif&quot;;\nmso-ansi-language:EN-US\" lang=\"EN-US\">Study Debriefing<\/span><\/strong><br>\n<br>\n<span style=\"mso-ansi-language:EN-US\" lang=\"EN-US\"><strong>Please note: We kindly ask you not to disclose this information about the research procedures and hypotheses to anyone who might participate in this study as this could affect the results of the study.<\/strong><br>\n&nbsp;<\/span><\/p>\n\n<p><strong>What was being studied?<\/strong><\/p>\n\n\n\n<p>You have just taken part in a study on psychological factors that facilitate versus hinder engagement with charity work - in this case, charities focusing on the problems of blindness. We are mainly interested in the effects of images of distressed people, and information about the effectiveness of a charity cause. We compare the impact of these different appeals on donations.<\/p>\n\n<p><br>\n<strong>How was this tested?<\/strong><\/p>\n\n<p>There were a number of versions of this survey, and you were randomly assigned to receive one of them. In one version, participants first received a brief text about guide dogs, along with two related images. After this we asked about a willingness to donate a few dollars for this cause, and then we presented a text describing how scholars have compared different charities that focus on blindness, ending on the note that donors face a difficult choice between helping one person with a guide dog or a couple of hundred people with treatments for river blindness. In another version of the survey, participants saw the same initial text and images about guide dogs, but then read a slightly different text. This text didn't describe the moral dilemma as choosing between a guide dog for one person versus many with river blindness, but rather that people could trade-off small personal benefits to donate more instead. The third and final version of the survey did not show the introductory text and images related to guide dogs, but instead just discussed the problems of blindness in general terms. <br><\/p><p><br><\/p><p>All participants were subsequently asked about donating from a potential bonus payment, based on the outcome of a raffle. If you become a winner in the raffle, a donation equivalent to the amount specified here will be given to Guide Dogs of America and\/or River Blindness Program of the Carter Center (depending on the type of program you chose), while you would receive any remainder of the $50 as a bonus.\n\n<\/p><p>&nbsp;<\/p>\nFinally we asked some questions the donation part of the study, as well as some demographics. As explained in the consent form, we also examined how carefully people respond by tracking the time it takes to complete the survey, as well as specific key questions. The response time information could also be used to examine if participants vary in terms of how fast they made decisions about donations.<br>\n&nbsp;\n<p><strong>Main questions:<\/strong><\/p>\n\n<p>How do people respond to images and information about effectiveness when they decide to donate (or not) to charity? Does it matter how the effectiveness information is presented (e.g., as a a trade-off between charities)?<br><\/p>\n\n<p>&nbsp;<\/p>\n\n<p><strong>Why is this important to study?<\/strong><br>\n<br>\nThe results of this study are important for understanding when and why people are willing to give up resources for the benefit of someone else.<br>\n<br>\n<strong>Further suggested reading:<\/strong><br>\n<br>\nSlovic, P. (2010). If I Look at the Mass I Will Never Act: Psychic Numbing and Genocide. In S. Roeser (Ed.) Emotions and Risky Technologies (Vol. 5, pp. 37\u201359).<\/p>\n\n<p><br>\n<strong>Contact the researcher:<\/strong><br>\n<br>\nIf you have questions or concerns about this research, please contact: Robin Bergh, Dept. of Psychology, William James Hall, 33 Kirkland St., Cambridge, Massachusetts 02138; Email: rbergh@fas.harvard.edu. You may also contact the faculty member supervising this work: Jim Sidanius, Professor of Psychology, Dept. of Psychology, William James Hall, 33 Kirkland St., Cambridge, MA 02138; Email: sidanius@wjh.harvard.edu.<\/p>\n\n<p>&nbsp;<\/p>\n\n<p>Whom to contact about your rights in this research, for questions, concerns, suggestions, or complaints that are not being addressed by the researcher, or research-related harm: Committee on the Use of Human Subjects in Research at Harvard University, 1350 Massachusetts Avenue, Suite 935, Cambridge, MA&nbsp; 02138.&nbsp; Phone:&nbsp; 617-496-CUHS (2847).&nbsp; Email: cuhs@harvard.edu.<\/p>\n\n<p>&nbsp;<br>\n<strong>Thank you for participating in this study!<\/strong><\/p>\n\n<p>&nbsp;<\/p>\n\n<p><span lang=\"EN-US\">&nbsp;<\/span><\/p>","DataExportTag":"Q9.1","QuestionID":"QID211","PrivateData":false,"DataVisibility":{"Private":false,"Hidden":false}}}]}